{
  "requires": true,
  "lockfileVersion": 1,
  "dependencies": {
    "sortablejs": {
      "version": "1.10.2",
      "resolved": "https://registry.npm.taobao.org/sortablejs/download/sortablejs-1.10.2.tgz?cache=0&sync_timestamp=1610070445944&other_urls=https%3A%2F%2Fregistry.npm.taobao.org%2Fsortablejs%2Fdownload%2Fsortablejs-1.10.2.tgz",
      "integrity": "sha1-bkA2TZE/mLhaFPZnj5K1wSIfUpA="
    },
    "vuedraggable": {
      "version": "4.0.1",
      "resolved": "https://registry.npm.taobao.org/vuedraggable/download/vuedraggable-4.0.1.tgz?cache=0&sync_timestamp=1606757821496&other_urls=https%3A%2F%2Fregistry.npm.taobao.org%2Fvuedraggable%2Fdownload%2Fvuedraggable-4.0.1.tgz",
      "integrity": "sha1-O8qrCAi3lEAwt9min5pj1Z36EsU=",
      "requires": {
        "sortablejs": "1.10.2"
      }
    }
  }
}
